
Microsoft Visual Studio Solution File, Format Version 12.00
# Visual Studio Version 17
VisualStudioVersion = 17.4.33213.308
MinimumVisualStudioVersion = 10.0.40219.1
Project("{9A19103F-16F7-4668-BE54-9A1E7A4F7556}") = "ApiRestREPARALO", "ApiRestREPARALO\ApiRestREPARALO.csproj", "{80E4AA38-7309-4ED3-ABEC-71A821F9DAE5}"
EndProject
Project("{9A19103F-16F7-4668-BE54-9A1E7A4F7556}") = "Data.REPARALO", "Data.REPARALO\Data.REPARALO.csproj", "{23280DA8-B585-47BA-9075-3EC018A10973}"
EndProject
Global
	GlobalSection(SolutionConfigurationPlatforms) = preSolution
		Debug|Any CPU = Debug|Any CPU
		Release|Any CPU = Release|Any CPU
	EndGlobalSection
	GlobalSection(ProjectConfigurationPlatforms) = postSolution
		{80E4AA38-7309-4ED3-ABEC-71A821F9DAE5}.Debug|Any CPU.ActiveCfg = Debug|Any CPU
		{80E4AA38-7309-4ED3-ABEC-71A821F9DAE5}.Debug|Any CPU.Build.0 = Debug|Any CPU
		{80E4AA38-7309-4ED3-ABEC-71A821F9DAE5}.Release|Any CPU.ActiveCfg = Release|Any CPU
		{80E4AA38-7309-4ED3-ABEC-71A821F9DAE5}.Release|Any CPU.Build.0 = Release|Any CPU
		{23280DA8-B585-47BA-9075-3EC018A10973}.Debug|Any CPU.ActiveCfg = Debug|Any CPU
		{23280DA8-B585-47BA-9075-3EC018A10973}.Debug|Any CPU.Build.0 = Debug|Any CPU
		{23280DA8-B585-47BA-9075-3EC018A10973}.Release|Any CPU.ActiveCfg = Release|Any CPU
		{23280DA8-B585-47BA-9075-3EC018A10973}.Release|Any CPU.Build.0 = Release|Any CPU
	EndGlobalSection
	GlobalSection(SolutionProperties) = preSolution
		HideSolutionNode = FALSE
	EndGlobalSection
	GlobalSection(ExtensibilityGlobals) = postSolution
		SolutionGuid = {16B40750-9C89-4698-B849-A2B6AE87A94E}
	EndGlobalSection
EndGlobal
